
Microsoft Visual Studio Solution File, Format Version 12.00
# Visual Studio Version 16
VisualStudioVersion = 16.0.33027.164
MinimumVisualStudioVersion = 10.0.40219.1
Project("{FAE04EC0-301F-11D3-BF4B-00C04F79EFBC}") = "FinalLessons", "FinalLessons\FinalLessons.csproj", "{2F4472ED-2D05-4309-A365-DD03AD1642E3}"
EndProject
Project("{FAE04EC0-301F-11D3-BF4B-00C04F79EFBC}") = "FinalLesson.Test", "FinalLesson.Test\FinalLesson.Test.csproj", "{8D10E48D-E4D1-4562-8A15-330435362D89}"
	ProjectSection(ProjectDependencies) = postProject
		{2F4472ED-2D05-4309-A365-DD03AD1642E3} = {2F4472ED-2D05-4309-A365-DD03AD1642E3}
	EndProjectSection
EndProject
Global
	GlobalSection(SolutionConfigurationPlatforms) = preSolution
		Debug|Any CPU = Debug|Any CPU
		Release|Any CPU = Release|Any CPU
	EndGlobalSection
	GlobalSection(ProjectConfigurationPlatforms) = postSolution
		{2F4472ED-2D05-4309-A365-DD03AD1642E3}.Debug|Any CPU.ActiveCfg = Debug|Any CPU
		{2F4472ED-2D05-4309-A365-DD03AD1642E3}.Debug|Any CPU.Build.0 = Debug|Any CPU
		{2F4472ED-2D05-4309-A365-DD03AD1642E3}.Release|Any CPU.ActiveCfg = Release|Any CPU
		{2F4472ED-2D05-4309-A365-DD03AD1642E3}.Release|Any CPU.Build.0 = Release|Any CPU
		{8D10E48D-E4D1-4562-8A15-330435362D89}.Debug|Any CPU.ActiveCfg = Debug|Any CPU
		{8D10E48D-E4D1-4562-8A15-330435362D89}.Debug|Any CPU.Build.0 = Debug|Any CPU
		{8D10E48D-E4D1-4562-8A15-330435362D89}.Release|Any CPU.ActiveCfg = Release|Any CPU
		{8D10E48D-E4D1-4562-8A15-330435362D89}.Release|Any CPU.Build.0 = Release|Any CPU
	EndGlobalSection
	GlobalSection(SolutionProperties) = preSolution
		HideSolutionNode = FALSE
	EndGlobalSection
	GlobalSection(ExtensibilityGlobals) = postSolution
		SolutionGuid = {BAEA4017-7B8A-4F47-B508-652928A55EB4}
	EndGlobalSection
EndGlobal
