
Microsoft Visual Studio Solution File, Format Version 12.00
# Visual Studio Version 16
VisualStudioVersion = 16.0.33027.164
MinimumVisualStudioVersion = 10.0.40219.1
Project("{9A19103F-16F7-4668-BE54-9A1E7A4F7556}") = "FinalSportStore", "FinalSportStore\FinalSportStore.csproj", "{709C06D1-4519-4A7A-BABE-3B4459506382}"
EndProject
Project("{9A19103F-16F7-4668-BE54-9A1E7A4F7556}") = "FinalSportStore.Test", "FinalSportStore.Test\FinalSportStore.Test.csproj", "{D89AF7F2-C477-48F6-B0D7-0F0DE7BB7379}"
EndProject
Global
	GlobalSection(SolutionConfigurationPlatforms) = preSolution
		Debug|Any CPU = Debug|Any CPU
		Release|Any CPU = Release|Any CPU
	EndGlobalSection
	GlobalSection(ProjectConfigurationPlatforms) = postSolution
		{709C06D1-4519-4A7A-BABE-3B4459506382}.Debug|Any CPU.ActiveCfg = Debug|Any CPU
		{709C06D1-4519-4A7A-BABE-3B4459506382}.Debug|Any CPU.Build.0 = Debug|Any CPU
		{709C06D1-4519-4A7A-BABE-3B4459506382}.Release|Any CPU.ActiveCfg = Release|Any CPU
		{709C06D1-4519-4A7A-BABE-3B4459506382}.Release|Any CPU.Build.0 = Release|Any CPU
		{D89AF7F2-C477-48F6-B0D7-0F0DE7BB7379}.Debug|Any CPU.ActiveCfg = Debug|Any CPU
		{D89AF7F2-C477-48F6-B0D7-0F0DE7BB7379}.Debug|Any CPU.Build.0 = Debug|Any CPU
		{D89AF7F2-C477-48F6-B0D7-0F0DE7BB7379}.Release|Any CPU.ActiveCfg = Release|Any CPU
		{D89AF7F2-C477-48F6-B0D7-0F0DE7BB7379}.Release|Any CPU.Build.0 = Release|Any CPU
	EndGlobalSection
	GlobalSection(SolutionProperties) = preSolution
		HideSolutionNode = FALSE
	EndGlobalSection
	GlobalSection(ExtensibilityGlobals) = postSolution
		SolutionGuid = {6B58A209-2AF6-44D2-A2E7-53E53083DB5A}
	EndGlobalSection
EndGlobal
