
Microsoft Visual Studio Solution File, Format Version 12.00
# Visual Studio Version 16
VisualStudioVersion = 16.6.30114.105
MinimumVisualStudioVersion = 10.0.40219.1
Project("{FAE04EC0-301F-11D3-BF4B-00C04F79EFBC}") = "SimpleApp", "SimpleApp\SimpleApp.csproj", "{BE383948-6CDE-431C-8871-6442B500AE0D}"
EndProject
Project("{FAE04EC0-301F-11D3-BF4B-00C04F79EFBC}") = "simpleApp.Test", "simpleApp.Test\simpleApp.Test.csproj", "{633D862C-61D8-4AA0-8D01-4B4ABCC7A73B}"
EndProject
Global
	GlobalSection(SolutionConfigurationPlatforms) = preSolution
		Debug|Any CPU = Debug|Any CPU
		Debug|x64 = Debug|x64
		Debug|x86 = Debug|x86
		Release|Any CPU = Release|Any CPU
		Release|x64 = Release|x64
		Release|x86 = Release|x86
	EndGlobalSection
	GlobalSection(SolutionProperties) = preSolution
		HideSolutionNode = FALSE
	EndGlobalSection
	GlobalSection(ProjectConfigurationPlatforms) = postSolution
		{BE383948-6CDE-431C-8871-6442B500AE0D}.Debug|Any CPU.ActiveCfg = Debug|Any CPU
		{BE383948-6CDE-431C-8871-6442B500AE0D}.Debug|Any CPU.Build.0 = Debug|Any CPU
		{BE383948-6CDE-431C-8871-6442B500AE0D}.Debug|x64.ActiveCfg = Debug|Any CPU
		{BE383948-6CDE-431C-8871-6442B500AE0D}.Debug|x64.Build.0 = Debug|Any CPU
		{BE383948-6CDE-431C-8871-6442B500AE0D}.Debug|x86.ActiveCfg = Debug|Any CPU
		{BE383948-6CDE-431C-8871-6442B500AE0D}.Debug|x86.Build.0 = Debug|Any CPU
		{BE383948-6CDE-431C-8871-6442B500AE0D}.Release|Any CPU.ActiveCfg = Release|Any CPU
		{BE383948-6CDE-431C-8871-6442B500AE0D}.Release|Any CPU.Build.0 = Release|Any CPU
		{BE383948-6CDE-431C-8871-6442B500AE0D}.Release|x64.ActiveCfg = Release|Any CPU
		{BE383948-6CDE-431C-8871-6442B500AE0D}.Release|x64.Build.0 = Release|Any CPU
		{BE383948-6CDE-431C-8871-6442B500AE0D}.Release|x86.ActiveCfg = Release|Any CPU
		{BE383948-6CDE-431C-8871-6442B500AE0D}.Release|x86.Build.0 = Release|Any CPU
		{633D862C-61D8-4AA0-8D01-4B4ABCC7A73B}.Debug|Any CPU.ActiveCfg = Debug|Any CPU
		{633D862C-61D8-4AA0-8D01-4B4ABCC7A73B}.Debug|Any CPU.Build.0 = Debug|Any CPU
		{633D862C-61D8-4AA0-8D01-4B4ABCC7A73B}.Debug|x64.ActiveCfg = Debug|Any CPU
		{633D862C-61D8-4AA0-8D01-4B4ABCC7A73B}.Debug|x64.Build.0 = Debug|Any CPU
		{633D862C-61D8-4AA0-8D01-4B4ABCC7A73B}.Debug|x86.ActiveCfg = Debug|Any CPU
		{633D862C-61D8-4AA0-8D01-4B4ABCC7A73B}.Debug|x86.Build.0 = Debug|Any CPU
		{633D862C-61D8-4AA0-8D01-4B4ABCC7A73B}.Release|Any CPU.ActiveCfg = Release|Any CPU
		{633D862C-61D8-4AA0-8D01-4B4ABCC7A73B}.Release|Any CPU.Build.0 = Release|Any CPU
		{633D862C-61D8-4AA0-8D01-4B4ABCC7A73B}.Release|x64.ActiveCfg = Release|Any CPU
		{633D862C-61D8-4AA0-8D01-4B4ABCC7A73B}.Release|x64.Build.0 = Release|Any CPU
		{633D862C-61D8-4AA0-8D01-4B4ABCC7A73B}.Release|x86.ActiveCfg = Release|Any CPU
		{633D862C-61D8-4AA0-8D01-4B4ABCC7A73B}.Release|x86.Build.0 = Release|Any CPU
	EndGlobalSection
EndGlobal
